
Microsoft Visual Studio Solution File, Format Version 12.00
# Visual Studio 2013
VisualStudioVersion = 12.0.31101.0
MinimumVisualStudioVersion = 10.0.40219.1
Project("{FAE04EC0-301F-11D3-BF4B-00C04F79EFBC}") = "DNNTemplates", "DNNTemplates\DNNTemplates.csproj", "{C9E0FB3C-6693-43FB-AC32-ACAF6A6011D7}"
EndProject
Project("{FAE04EC0-301F-11D3-BF4B-00C04F79EFBC}") = "CSharp-Template", "CSharp-Template\CSharp-Template.csproj", "{A7EE0F38-C70B-47D8-AEE7-AF8E684B6EA7}"
EndProject
Project("{F184B08F-C81C-45F6-A57F-5ABD9991F28F}") = "VB-Template", "VB-Template\VB-Template.vbproj", "{29B249D0-6D61-44C2-9857-419A1B43B7A5}"
EndProject
Project("{FAE04EC0-301F-11D3-BF4B-00C04F79EFBC}") = "CSharp-DAL2-Template", "CSharp-DAL2-Template\CSharp-DAL2-Template.csproj", "{050F84AF-35A1-4218-B33C-752BE340B4C7}"
EndProject
Project("{F184B08F-C81C-45F6-A57F-5ABD9991F28F}") = "VB-DAL2-Template", "VB-DAL2-Template\VB-DAL2-Template.vbproj", "{1F09CEAC-9593-4583-9E40-E5FBCFD3D036}"
EndProject
Project("{2150E333-8FDC-42A3-9474-1A3956D46DE8}") = ".build", ".build", "{302CA8B9-6529-4924-8D86-DA986BE24E89}"
	ProjectSection(SolutionItems) = preProject
		Build.proj = Build.proj
		.build\MSBuild.Community.Tasks.dll = .build\MSBuild.Community.Tasks.dll
		.build\MSBuild.Community.Tasks.targets = .build\MSBuild.Community.Tasks.targets
	EndProjectSection
EndProject
Project("{FAE04EC0-301F-11D3-BF4B-00C04F79EFBC}") = "CSharp-Theme-Template", "CSharp-Theme-Template\CSharp-Theme-Template.csproj", "{6EB7AFAA-F268-40E9-B542-A0F6B9483D3C}"
EndProject
Global
	GlobalSection(TeamFoundationVersionControl) = preSolution
		SccNumberOfProjects = 7
		SccEnterpriseProvider = {4CA58AB2-18FA-4F8D-95D4-32DDF27D184C}
		SccTeamFoundationServer = https://tfs.codeplex.com/tfs/tfs07
		SccLocalPath0 = .
		SccProjectUniqueName1 = CSharp-Template\\CSharp-Template.csproj
		SccProjectName1 = CSharp-Template
		SccLocalPath1 = CSharp-Template
		SccProjectUniqueName2 = DNNTemplates\\DNNTemplates.csproj
		SccProjectName2 = DNNTemplates
		SccLocalPath2 = DNNTemplates
		SccProjectUniqueName3 = VB-Template\\VB-Template.vbproj
		SccProjectName3 = VB-Template
		SccLocalPath3 = VB-Template
		SccProjectUniqueName4 = CSharp-DAL2-Template\\CSharp-DAL2-Template.csproj
		SccProjectName4 = CSharp-DAL2-Template
		SccLocalPath4 = CSharp-DAL2-Template
		SccProjectUniqueName5 = VB-DAL2-Template\\VB-DAL2-Template.vbproj
		SccProjectName5 = VB-DAL2-Template
		SccLocalPath5 = VB-DAL2-Template
		SccProjectUniqueName6 = CSharp-Theme-Template\\CSharp-Theme-Template.csproj
		SccProjectName6 = CSharp-Theme-Template
		SccLocalPath6 = CSharp-Theme-Template
	EndGlobalSection
	GlobalSection(SolutionConfigurationPlatforms) = preSolution
		Debug|Any CPU = Debug|Any CPU
		Release|Any CPU = Release|Any CPU
	EndGlobalSection
	GlobalSection(ProjectConfigurationPlatforms) = postSolution
		{C9E0FB3C-6693-43FB-AC32-ACAF6A6011D7}.Debug|Any CPU.ActiveCfg = Debug|Any CPU
		{C9E0FB3C-6693-43FB-AC32-ACAF6A6011D7}.Debug|Any CPU.Build.0 = Debug|Any CPU
		{C9E0FB3C-6693-43FB-AC32-ACAF6A6011D7}.Release|Any CPU.ActiveCfg = Release|Any CPU
		{C9E0FB3C-6693-43FB-AC32-ACAF6A6011D7}.Release|Any CPU.Build.0 = Release|Any CPU
		{A7EE0F38-C70B-47D8-AEE7-AF8E684B6EA7}.Debug|Any CPU.ActiveCfg = Debug|Any CPU
		{A7EE0F38-C70B-47D8-AEE7-AF8E684B6EA7}.Debug|Any CPU.Build.0 = Debug|Any CPU
		{A7EE0F38-C70B-47D8-AEE7-AF8E684B6EA7}.Release|Any CPU.ActiveCfg = Release|Any CPU
		{A7EE0F38-C70B-47D8-AEE7-AF8E684B6EA7}.Release|Any CPU.Build.0 = Release|Any CPU
		{29B249D0-6D61-44C2-9857-419A1B43B7A5}.Debug|Any CPU.ActiveCfg = Debug|Any CPU
		{29B249D0-6D61-44C2-9857-419A1B43B7A5}.Debug|Any CPU.Build.0 = Debug|Any CPU
		{29B249D0-6D61-44C2-9857-419A1B43B7A5}.Release|Any CPU.ActiveCfg = Release|Any CPU
		{29B249D0-6D61-44C2-9857-419A1B43B7A5}.Release|Any CPU.Build.0 = Release|Any CPU
		{050F84AF-35A1-4218-B33C-752BE340B4C7}.Debug|Any CPU.ActiveCfg = Debug|Any CPU
		{050F84AF-35A1-4218-B33C-752BE340B4C7}.Debug|Any CPU.Build.0 = Debug|Any CPU
		{050F84AF-35A1-4218-B33C-752BE340B4C7}.Release|Any CPU.ActiveCfg = Release|Any CPU
		{050F84AF-35A1-4218-B33C-752BE340B4C7}.Release|Any CPU.Build.0 = Release|Any CPU
		{1F09CEAC-9593-4583-9E40-E5FBCFD3D036}.Debug|Any CPU.ActiveCfg = Debug|Any CPU
		{1F09CEAC-9593-4583-9E40-E5FBCFD3D036}.Debug|Any CPU.Build.0 = Debug|Any CPU
		{1F09CEAC-9593-4583-9E40-E5FBCFD3D036}.Release|Any CPU.ActiveCfg = Release|Any CPU
		{1F09CEAC-9593-4583-9E40-E5FBCFD3D036}.Release|Any CPU.Build.0 = Release|Any CPU
		{6EB7AFAA-F268-40E9-B542-A0F6B9483D3C}.Debug|Any CPU.ActiveCfg = Debug|Any CPU
		{6EB7AFAA-F268-40E9-B542-A0F6B9483D3C}.Debug|Any CPU.Build.0 = Debug|Any CPU
		{6EB7AFAA-F268-40E9-B542-A0F6B9483D3C}.Release|Any CPU.ActiveCfg = Release|Any CPU
		{6EB7AFAA-F268-40E9-B542-A0F6B9483D3C}.Release|Any CPU.Build.0 = Release|Any CPU
	EndGlobalSection
	GlobalSection(SolutionProperties) = preSolution
		HideSolutionNode = FALSE
	EndGlobalSection
EndGlobal
